
Microsoft Visual Studio Solution File, Format Version 12.00
# Visual Studio Version 16
VisualStudioVersion = 16.0.30907.101
MinimumVisualStudioVersion = 10.0.40219.1
Project("{FAE04EC0-301F-11D3-BF4B-00C04F79EFBC}") = "ConsoleApp7", "ConsoleApp7\ConsoleApp7.csproj", "{9EFCB5E7-A7B9-4EBC-9053-DE7C6BE15ABD}"
EndProject
Global
	GlobalSection(SolutionConfigurationPlatforms) = preSolution
		Debug|Any CPU = Debug|Any CPU
		Release|Any CPU = Release|Any CPU
	EndGlobalSection
	GlobalSection(ProjectConfigurationPlatforms) = postSolution
		{9EFCB5E7-A7B9-4EBC-9053-DE7C6BE15ABD}.Debug|Any CPU.ActiveCfg = Debug|Any CPU
		{9EFCB5E7-A7B9-4EBC-9053-DE7C6BE15ABD}.Debug|Any CPU.Build.0 = Debug|Any CPU
		{9EFCB5E7-A7B9-4EBC-9053-DE7C6BE15ABD}.Release|Any CPU.ActiveCfg = Release|Any CPU
		{9EFCB5E7-A7B9-4EBC-9053-DE7C6BE15ABD}.Release|Any CPU.Build.0 = Release|Any CPU
	EndGlobalSection
	GlobalSection(SolutionProperties) = preSolution
		HideSolutionNode = FALSE
	EndGlobalSection
	GlobalSection(ExtensibilityGlobals) = postSolution
		SolutionGuid = {8AF183E5-FFCC-4E06-901D-D41E9B5BEBEA}
	EndGlobalSection
EndGlobal
