
Microsoft Visual Studio Solution File, Format Version 12.00
# Visual Studio Version 16
VisualStudioVersion = 16.0.31005.135
MinimumVisualStudioVersion = 10.0.40219.1
Project("{FAE04EC0-301F-11D3-BF4B-00C04F79EFBC}") = "WebApplication12", "WebApplication12\WebApplication12.csproj", "{EC3192C1-B64D-4BD6-B989-CBC756126C1D}"
EndProject
Global
	GlobalSection(SolutionConfigurationPlatforms) = preSolution
		Debug|Any CPU = Debug|Any CPU
		Release|Any CPU = Release|Any CPU
	EndGlobalSection
	GlobalSection(ProjectConfigurationPlatforms) = postSolution
		{EC3192C1-B64D-4BD6-B989-CBC756126C1D}.Debug|Any CPU.ActiveCfg = Debug|Any CPU
		{EC3192C1-B64D-4BD6-B989-CBC756126C1D}.Debug|Any CPU.Build.0 = Debug|Any CPU
		{EC3192C1-B64D-4BD6-B989-CBC756126C1D}.Release|Any CPU.ActiveCfg = Release|Any CPU
		{EC3192C1-B64D-4BD6-B989-CBC756126C1D}.Release|Any CPU.Build.0 = Release|Any CPU
	EndGlobalSection
	GlobalSection(SolutionProperties) = preSolution
		HideSolutionNode = FALSE
	EndGlobalSection
	GlobalSection(ExtensibilityGlobals) = postSolution
		SolutionGuid = {38261F6A-A798-4151-8FBD-3839E2A6596A}
	EndGlobalSection
EndGlobal
