
Microsoft Visual Studio Solution File, Format Version 12.00
# Visual Studio Version 16
VisualStudioVersion = 16.0.31019.35
MinimumVisualStudioVersion = 10.0.40219.1
Project("{FAE04EC0-301F-11D3-BF4B-00C04F79EFBC}") = "WebApplication23Exercise", "WebApplication23Exercise\WebApplication23Exercise.csproj", "{E7B42D44-99B5-4525-B3F1-006D83A6401A}"
EndProject
Global
	GlobalSection(SolutionConfigurationPlatforms) = preSolution
		Debug|Any CPU = Debug|Any CPU
		Release|Any CPU = Release|Any CPU
	EndGlobalSection
	GlobalSection(ProjectConfigurationPlatforms) = postSolution
		{E7B42D44-99B5-4525-B3F1-006D83A6401A}.Debug|Any CPU.ActiveCfg = Debug|Any CPU
		{E7B42D44-99B5-4525-B3F1-006D83A6401A}.Debug|Any CPU.Build.0 = Debug|Any CPU
		{E7B42D44-99B5-4525-B3F1-006D83A6401A}.Release|Any CPU.ActiveCfg = Release|Any CPU
		{E7B42D44-99B5-4525-B3F1-006D83A6401A}.Release|Any CPU.Build.0 = Release|Any CPU
	EndGlobalSection
	GlobalSection(SolutionProperties) = preSolution
		HideSolutionNode = FALSE
	EndGlobalSection
	GlobalSection(ExtensibilityGlobals) = postSolution
		SolutionGuid = {6E4BA1AA-B3EA-4407-BE39-61E18242483A}
	EndGlobalSection
EndGlobal
