
Microsoft Visual Studio Solution File, Format Version 12.00
# Visual Studio Version 16
VisualStudioVersion = 16.0.31025.194
MinimumVisualStudioVersion = 10.0.40219.1
Project("{FAE04EC0-301F-11D3-BF4B-00C04F79EFBC}") = "WebApplication28", "WebApplication28\WebApplication28.csproj", "{E8D74E0F-76AE-40CA-8547-4D698AB8D6EA}"
EndProject
Global
	GlobalSection(SolutionConfigurationPlatforms) = preSolution
		Debug|Any CPU = Debug|Any CPU
		Release|Any CPU = Release|Any CPU
	EndGlobalSection
	GlobalSection(ProjectConfigurationPlatforms) = postSolution
		{E8D74E0F-76AE-40CA-8547-4D698AB8D6EA}.Debug|Any CPU.ActiveCfg = Debug|Any CPU
		{E8D74E0F-76AE-40CA-8547-4D698AB8D6EA}.Debug|Any CPU.Build.0 = Debug|Any CPU
		{E8D74E0F-76AE-40CA-8547-4D698AB8D6EA}.Release|Any CPU.ActiveCfg = Release|Any CPU
		{E8D74E0F-76AE-40CA-8547-4D698AB8D6EA}.Release|Any CPU.Build.0 = Release|Any CPU
	EndGlobalSection
	GlobalSection(SolutionProperties) = preSolution
		HideSolutionNode = FALSE
	EndGlobalSection
	GlobalSection(ExtensibilityGlobals) = postSolution
		SolutionGuid = {E315E9DB-CA49-4ECC-8800-A785C203CE9E}
	EndGlobalSection
EndGlobal
