
Microsoft Visual Studio Solution File, Format Version 12.00
# Visual Studio Version 16
VisualStudioVersion = 16.0.31005.135
MinimumVisualStudioVersion = 10.0.40219.1
Project("{FAE04EC0-301F-11D3-BF4B-00C04F79EFBC}") = "WebApplication2", "WebApplication2\WebApplication2.csproj", "{782676F1-9493-4F08-A156-BC1FD9C1D068}"
EndProject
Global
	GlobalSection(SolutionConfigurationPlatforms) = preSolution
		Debug|Any CPU = Debug|Any CPU
		Release|Any CPU = Release|Any CPU
	EndGlobalSection
	GlobalSection(ProjectConfigurationPlatforms) = postSolution
		{782676F1-9493-4F08-A156-BC1FD9C1D068}.Debug|Any CPU.ActiveCfg = Debug|Any CPU
		{782676F1-9493-4F08-A156-BC1FD9C1D068}.Debug|Any CPU.Build.0 = Debug|Any CPU
		{782676F1-9493-4F08-A156-BC1FD9C1D068}.Release|Any CPU.ActiveCfg = Release|Any CPU
		{782676F1-9493-4F08-A156-BC1FD9C1D068}.Release|Any CPU.Build.0 = Release|Any CPU
	EndGlobalSection
	GlobalSection(SolutionProperties) = preSolution
		HideSolutionNode = FALSE
	EndGlobalSection
	GlobalSection(ExtensibilityGlobals) = postSolution
		SolutionGuid = {1051903E-FC3E-49BB-ACBA-EB7E012D19D3}
	EndGlobalSection
EndGlobal
