
Microsoft Visual Studio Solution File, Format Version 12.00
# Visual Studio Version 16
VisualStudioVersion = 16.0.31025.194
MinimumVisualStudioVersion = 10.0.40219.1
Project("{FAE04EC0-301F-11D3-BF4B-00C04F79EFBC}") = "WebApplication27Exercise", "WebApplication27Exercise\WebApplication27Exercise.csproj", "{C1E1A204-5298-413D-9A51-80E7CB5CEE61}"
EndProject
Project("{FAE04EC0-301F-11D3-BF4B-00C04F79EFBC}") = "WebApplication27Exercise.Tests", "WebApplication27Exercise.Tests\WebApplication27Exercise.Tests.csproj", "{1BCC4EBA-CD23-4B99-A37A-7979E74A762C}"
EndProject
Global
	GlobalSection(SolutionConfigurationPlatforms) = preSolution
		Debug|Any CPU = Debug|Any CPU
		Release|Any CPU = Release|Any CPU
	EndGlobalSection
	GlobalSection(ProjectConfigurationPlatforms) = postSolution
		{C1E1A204-5298-413D-9A51-80E7CB5CEE61}.Debug|Any CPU.ActiveCfg = Debug|Any CPU
		{C1E1A204-5298-413D-9A51-80E7CB5CEE61}.Debug|Any CPU.Build.0 = Debug|Any CPU
		{C1E1A204-5298-413D-9A51-80E7CB5CEE61}.Release|Any CPU.ActiveCfg = Release|Any CPU
		{C1E1A204-5298-413D-9A51-80E7CB5CEE61}.Release|Any CPU.Build.0 = Release|Any CPU
		{1BCC4EBA-CD23-4B99-A37A-7979E74A762C}.Debug|Any CPU.ActiveCfg = Debug|Any CPU
		{1BCC4EBA-CD23-4B99-A37A-7979E74A762C}.Debug|Any CPU.Build.0 = Debug|Any CPU
		{1BCC4EBA-CD23-4B99-A37A-7979E74A762C}.Release|Any CPU.ActiveCfg = Release|Any CPU
		{1BCC4EBA-CD23-4B99-A37A-7979E74A762C}.Release|Any CPU.Build.0 = Release|Any CPU
	EndGlobalSection
	GlobalSection(SolutionProperties) = preSolution
		HideSolutionNode = FALSE
	EndGlobalSection
	GlobalSection(ExtensibilityGlobals) = postSolution
		SolutionGuid = {CB0B8BE6-958A-4164-9ABF-72C812DD7416}
	EndGlobalSection
EndGlobal
