
Microsoft Visual Studio Solution File, Format Version 12.00
# Visual Studio Version 16
VisualStudioVersion = 16.0.31019.35
MinimumVisualStudioVersion = 10.0.40219.1
Project("{FAE04EC0-301F-11D3-BF4B-00C04F79EFBC}") = "WebApplication21Exercise", "WebApplication21Exercise\WebApplication21Exercise.csproj", "{EB23C302-594A-422B-871F-969151ACCA58}"
EndProject
Global
	GlobalSection(SolutionConfigurationPlatforms) = preSolution
		Debug|Any CPU = Debug|Any CPU
		Release|Any CPU = Release|Any CPU
	EndGlobalSection
	GlobalSection(ProjectConfigurationPlatforms) = postSolution
		{EB23C302-594A-422B-871F-969151ACCA58}.Debug|Any CPU.ActiveCfg = Debug|Any CPU
		{EB23C302-594A-422B-871F-969151ACCA58}.Debug|Any CPU.Build.0 = Debug|Any CPU
		{EB23C302-594A-422B-871F-969151ACCA58}.Release|Any CPU.ActiveCfg = Release|Any CPU
		{EB23C302-594A-422B-871F-969151ACCA58}.Release|Any CPU.Build.0 = Release|Any CPU
	EndGlobalSection
	GlobalSection(SolutionProperties) = preSolution
		HideSolutionNode = FALSE
	EndGlobalSection
	GlobalSection(ExtensibilityGlobals) = postSolution
		SolutionGuid = {338D970C-99D8-4016-A0D6-5B3370C79F13}
	EndGlobalSection
EndGlobal
