
Microsoft Visual Studio Solution File, Format Version 12.00
# Visual Studio Version 16
VisualStudioVersion = 16.0.31005.135
MinimumVisualStudioVersion = 10.0.40219.1
Project("{FAE04EC0-301F-11D3-BF4B-00C04F79EFBC}") = "WebApplication17", "WebApplication17\WebApplication17.csproj", "{057C2904-CC50-4A27-B721-A55A677496E7}"
EndProject
Global
	GlobalSection(SolutionConfigurationPlatforms) = preSolution
		Debug|Any CPU = Debug|Any CPU
		Release|Any CPU = Release|Any CPU
	EndGlobalSection
	GlobalSection(ProjectConfigurationPlatforms) = postSolution
		{057C2904-CC50-4A27-B721-A55A677496E7}.Debug|Any CPU.ActiveCfg = Debug|Any CPU
		{057C2904-CC50-4A27-B721-A55A677496E7}.Debug|Any CPU.Build.0 = Debug|Any CPU
		{057C2904-CC50-4A27-B721-A55A677496E7}.Release|Any CPU.ActiveCfg = Release|Any CPU
		{057C2904-CC50-4A27-B721-A55A677496E7}.Release|Any CPU.Build.0 = Release|Any CPU
	EndGlobalSection
	GlobalSection(SolutionProperties) = preSolution
		HideSolutionNode = FALSE
	EndGlobalSection
	GlobalSection(ExtensibilityGlobals) = postSolution
		SolutionGuid = {8098A2F5-8956-4CF2-9E1A-9D92C89FC51F}
	EndGlobalSection
EndGlobal
