
Microsoft Visual Studio Solution File, Format Version 12.00
# Visual Studio Version 16
VisualStudioVersion = 16.0.31005.135
MinimumVisualStudioVersion = 10.0.40219.1
Project("{FAE04EC0-301F-11D3-BF4B-00C04F79EFBC}") = "WebApplication13Exercise3", "WebApplication13Exercise3\WebApplication13Exercise3.csproj", "{9E24AC0B-31CD-4D9D-B3C9-22FF17179ADB}"
EndProject
Global
	GlobalSection(SolutionConfigurationPlatforms) = preSolution
		Debug|Any CPU = Debug|Any CPU
		Release|Any CPU = Release|Any CPU
	EndGlobalSection
	GlobalSection(ProjectConfigurationPlatforms) = postSolution
		{9E24AC0B-31CD-4D9D-B3C9-22FF17179ADB}.Debug|Any CPU.ActiveCfg = Debug|Any CPU
		{9E24AC0B-31CD-4D9D-B3C9-22FF17179ADB}.Debug|Any CPU.Build.0 = Debug|Any CPU
		{9E24AC0B-31CD-4D9D-B3C9-22FF17179ADB}.Release|Any CPU.ActiveCfg = Release|Any CPU
		{9E24AC0B-31CD-4D9D-B3C9-22FF17179ADB}.Release|Any CPU.Build.0 = Release|Any CPU
	EndGlobalSection
	GlobalSection(SolutionProperties) = preSolution
		HideSolutionNode = FALSE
	EndGlobalSection
	GlobalSection(ExtensibilityGlobals) = postSolution
		SolutionGuid = {49FBAD54-0A0C-4F08-B340-DADEF3C22AE9}
	EndGlobalSection
EndGlobal
