
Microsoft Visual Studio Solution File, Format Version 12.00
# Visual Studio Version 16
VisualStudioVersion = 16.0.31005.135
MinimumVisualStudioVersion = 10.0.40219.1
Project("{FAE04EC0-301F-11D3-BF4B-00C04F79EFBC}") = "ConsoleApp11Exercise2", "ConsoleApp11Exercise2\ConsoleApp11Exercise2.csproj", "{B5691645-96AB-4E85-8248-DA8DF35C352F}"
EndProject
Global
	GlobalSection(SolutionConfigurationPlatforms) = preSolution
		Debug|Any CPU = Debug|Any CPU
		Release|Any CPU = Release|Any CPU
	EndGlobalSection
	GlobalSection(ProjectConfigurationPlatforms) = postSolution
		{B5691645-96AB-4E85-8248-DA8DF35C352F}.Debug|Any CPU.ActiveCfg = Debug|Any CPU
		{B5691645-96AB-4E85-8248-DA8DF35C352F}.Debug|Any CPU.Build.0 = Debug|Any CPU
		{B5691645-96AB-4E85-8248-DA8DF35C352F}.Release|Any CPU.ActiveCfg = Release|Any CPU
		{B5691645-96AB-4E85-8248-DA8DF35C352F}.Release|Any CPU.Build.0 = Release|Any CPU
	EndGlobalSection
	GlobalSection(SolutionProperties) = preSolution
		HideSolutionNode = FALSE
	EndGlobalSection
	GlobalSection(ExtensibilityGlobals) = postSolution
		SolutionGuid = {9F250679-4131-470B-9117-C312E3362F8C}
	EndGlobalSection
EndGlobal
