
Microsoft Visual Studio Solution File, Format Version 12.00
# Visual Studio Version 16
VisualStudioVersion = 16.0.31025.194
MinimumVisualStudioVersion = 10.0.40219.1
Project("{FAE04EC0-301F-11D3-BF4B-00C04F79EFBC}") = "WebApplication26", "WebApplication26\WebApplication26.csproj", "{EC5D36E5-9243-489B-B4F5-A5DED47F5CC0}"
EndProject
Project("{FAE04EC0-301F-11D3-BF4B-00C04F79EFBC}") = "WebApplication26.Tests", "WebApplication26.Tests\WebApplication26.Tests.csproj", "{38E5793D-081B-4807-A60E-E96C98619157}"
EndProject
Global
	GlobalSection(SolutionConfigurationPlatforms) = preSolution
		Debug|Any CPU = Debug|Any CPU
		Release|Any CPU = Release|Any CPU
	EndGlobalSection
	GlobalSection(ProjectConfigurationPlatforms) = postSolution
		{EC5D36E5-9243-489B-B4F5-A5DED47F5CC0}.Debug|Any CPU.ActiveCfg = Debug|Any CPU
		{EC5D36E5-9243-489B-B4F5-A5DED47F5CC0}.Debug|Any CPU.Build.0 = Debug|Any CPU
		{EC5D36E5-9243-489B-B4F5-A5DED47F5CC0}.Release|Any CPU.ActiveCfg = Release|Any CPU
		{EC5D36E5-9243-489B-B4F5-A5DED47F5CC0}.Release|Any CPU.Build.0 = Release|Any CPU
		{38E5793D-081B-4807-A60E-E96C98619157}.Debug|Any CPU.ActiveCfg = Debug|Any CPU
		{38E5793D-081B-4807-A60E-E96C98619157}.Debug|Any CPU.Build.0 = Debug|Any CPU
		{38E5793D-081B-4807-A60E-E96C98619157}.Release|Any CPU.ActiveCfg = Release|Any CPU
		{38E5793D-081B-4807-A60E-E96C98619157}.Release|Any CPU.Build.0 = Release|Any CPU
	EndGlobalSection
	GlobalSection(SolutionProperties) = preSolution
		HideSolutionNode = FALSE
	EndGlobalSection
	GlobalSection(ExtensibilityGlobals) = postSolution
		SolutionGuid = {0BEB5EDD-99A4-4165-9429-3D986687BBB4}
	EndGlobalSection
EndGlobal
