
Microsoft Visual Studio Solution File, Format Version 12.00
# Visual Studio Version 16
VisualStudioVersion = 16.0.31025.194
MinimumVisualStudioVersion = 10.0.40219.1
Project("{FAE04EC0-301F-11D3-BF4B-00C04F79EFBC}") = "WebApplicationLASTDAY1", "WebApplicationLASTDAY1\WebApplicationLASTDAY1.csproj", "{8410CE88-5AAA-4DAE-BBF9-56449BBCE426}"
EndProject
Global
	GlobalSection(SolutionConfigurationPlatforms) = preSolution
		Debug|Any CPU = Debug|Any CPU
		Release|Any CPU = Release|Any CPU
	EndGlobalSection
	GlobalSection(ProjectConfigurationPlatforms) = postSolution
		{8410CE88-5AAA-4DAE-BBF9-56449BBCE426}.Debug|Any CPU.ActiveCfg = Debug|Any CPU
		{8410CE88-5AAA-4DAE-BBF9-56449BBCE426}.Debug|Any CPU.Build.0 = Debug|Any CPU
		{8410CE88-5AAA-4DAE-BBF9-56449BBCE426}.Release|Any CPU.ActiveCfg = Release|Any CPU
		{8410CE88-5AAA-4DAE-BBF9-56449BBCE426}.Release|Any CPU.Build.0 = Release|Any CPU
	EndGlobalSection
	GlobalSection(SolutionProperties) = preSolution
		HideSolutionNode = FALSE
	EndGlobalSection
	GlobalSection(ExtensibilityGlobals) = postSolution
		SolutionGuid = {A2AB3FE2-83BA-41D1-B6DC-4DAE74F7E4CC}
	EndGlobalSection
EndGlobal
