
Microsoft Visual Studio Solution File, Format Version 12.00
# Visual Studio Version 16
VisualStudioVersion = 16.0.31005.135
MinimumVisualStudioVersion = 10.0.40219.1
Project("{FAE04EC0-301F-11D3-BF4B-00C04F79EFBC}") = "WebApplication18Exercise", "WebApplication18Exercise\WebApplication18Exercise.csproj", "{AA127C57-42D1-4FC9-92B7-03F90A280C29}"
EndProject
Global
	GlobalSection(SolutionConfigurationPlatforms) = preSolution
		Debug|Any CPU = Debug|Any CPU
		Release|Any CPU = Release|Any CPU
	EndGlobalSection
	GlobalSection(ProjectConfigurationPlatforms) = postSolution
		{AA127C57-42D1-4FC9-92B7-03F90A280C29}.Debug|Any CPU.ActiveCfg = Debug|Any CPU
		{AA127C57-42D1-4FC9-92B7-03F90A280C29}.Debug|Any CPU.Build.0 = Debug|Any CPU
		{AA127C57-42D1-4FC9-92B7-03F90A280C29}.Release|Any CPU.ActiveCfg = Release|Any CPU
		{AA127C57-42D1-4FC9-92B7-03F90A280C29}.Release|Any CPU.Build.0 = Release|Any CPU
	EndGlobalSection
	GlobalSection(SolutionProperties) = preSolution
		HideSolutionNode = FALSE
	EndGlobalSection
	GlobalSection(ExtensibilityGlobals) = postSolution
		SolutionGuid = {2B396C8E-A744-4E28-86BA-DDFC077BEA7B}
	EndGlobalSection
EndGlobal
